
Microsoft Visual Studio Solution File, Format Version 12.00
# Visual Studio 14
VisualStudioVersion = 14.0.25123.0
MinimumVisualStudioVersion = 10.0.40219.1
Project("{8BC9CEB8-8B4A-11D0-8D11-00A0C91BC942}") = "1.EmptyWindow", "src\1.EmptyWindow\1.EmptyWindow.vcxproj", "{83384D5D-F044-41FC-AE82-E087056D1BBB}"
EndProject
Project("{8BC9CEB8-8B4A-11D0-8D11-00A0C91BC942}") = "1.Triangles", "src\1.Triangles\1.Triangles.vcxproj", "{6ED9471A-E950-408C-BD1E-E81D77C2DE7E}"
	ProjectSection(ProjectDependencies) = postProject
		{368178E1-C0C4-45B0-AAB5-B47FBD4567B5} = {368178E1-C0C4-45B0-AAB5-B47FBD4567B5}
	EndProjectSection
EndProject
Project("{8BC9CEB8-8B4A-11D0-8D11-00A0C91BC942}") = "common", "src\common\common.vcxproj", "{368178E1-C0C4-45B0-AAB5-B47FBD4567B5}"
EndProject
Project("{8BC9CEB8-8B4A-11D0-8D11-00A0C91BC942}") = "2.Subroutines", "src\2.Subroutines\2.Subroutines.vcxproj", "{0C7EAEF1-E5C6-4582-9BBD-F07476E2C157}"
EndProject
Project("{8BC9CEB8-8B4A-11D0-8D11-00A0C91BC942}") = "3.PointSize", "src\3.PointSize\3.PointSize.vcxproj", "{2C0E1829-A6ED-4CAA-B249-1493F4BA0A96}"
EndProject
Project("{8BC9CEB8-8B4A-11D0-8D11-00A0C91BC942}") = "3.Lines", "src\3.Lines\3.Lines.vcxproj", "{867F55C3-BCC7-4EFB-B118-635558BD5E35}"
EndProject
Project("{8BC9CEB8-8B4A-11D0-8D11-00A0C91BC942}") = "3.PolygonMode", "src\3.PolygonMode\3.PolygonMode.vcxproj", "{CA2C74D5-CFBC-468C-BA04-E2D4875272E3}"
EndProject
Project("{8BC9CEB8-8B4A-11D0-8D11-00A0C91BC942}") = "3.BufferSubData", "src\3.BufferSubData\3.BufferSubData.vcxproj", "{756DE89F-B150-4D56-8F57-E7DDF854E2E1}"
EndProject
Project("{8BC9CEB8-8B4A-11D0-8D11-00A0C91BC942}") = "3.StaticVertexAttrib", "src\3.StaticVertexAttrib\3.StaticVertexAttrib.vcxproj", "{9A7ECAA1-8CDB-46C4-9DE7-829E5C48E6CA}"
EndProject
Global
	GlobalSection(SolutionConfigurationPlatforms) = preSolution
		Debug|x64 = Debug|x64
		Debug|x86 = Debug|x86
		Release|x64 = Release|x64
		Release|x86 = Release|x86
	EndGlobalSection
	GlobalSection(ProjectConfigurationPlatforms) = postSolution
		{83384D5D-F044-41FC-AE82-E087056D1BBB}.Debug|x64.ActiveCfg = Debug|x64
		{83384D5D-F044-41FC-AE82-E087056D1BBB}.Debug|x64.Build.0 = Debug|x64
		{83384D5D-F044-41FC-AE82-E087056D1BBB}.Debug|x86.ActiveCfg = Debug|Win32
		{83384D5D-F044-41FC-AE82-E087056D1BBB}.Debug|x86.Build.0 = Debug|Win32
		{83384D5D-F044-41FC-AE82-E087056D1BBB}.Release|x64.ActiveCfg = Release|x64
		{83384D5D-F044-41FC-AE82-E087056D1BBB}.Release|x64.Build.0 = Release|x64
		{83384D5D-F044-41FC-AE82-E087056D1BBB}.Release|x86.ActiveCfg = Release|Win32
		{83384D5D-F044-41FC-AE82-E087056D1BBB}.Release|x86.Build.0 = Release|Win32
		{6ED9471A-E950-408C-BD1E-E81D77C2DE7E}.Debug|x64.ActiveCfg = Debug|x64
		{6ED9471A-E950-408C-BD1E-E81D77C2DE7E}.Debug|x64.Build.0 = Debug|x64
		{6ED9471A-E950-408C-BD1E-E81D77C2DE7E}.Debug|x86.ActiveCfg = Debug|Win32
		{6ED9471A-E950-408C-BD1E-E81D77C2DE7E}.Debug|x86.Build.0 = Debug|Win32
		{6ED9471A-E950-408C-BD1E-E81D77C2DE7E}.Release|x64.ActiveCfg = Release|x64
		{6ED9471A-E950-408C-BD1E-E81D77C2DE7E}.Release|x64.Build.0 = Release|x64
		{6ED9471A-E950-408C-BD1E-E81D77C2DE7E}.Release|x86.ActiveCfg = Release|Win32
		{6ED9471A-E950-408C-BD1E-E81D77C2DE7E}.Release|x86.Build.0 = Release|Win32
		{368178E1-C0C4-45B0-AAB5-B47FBD4567B5}.Debug|x64.ActiveCfg = Debug|x64
		{368178E1-C0C4-45B0-AAB5-B47FBD4567B5}.Debug|x64.Build.0 = Debug|x64
		{368178E1-C0C4-45B0-AAB5-B47FBD4567B5}.Debug|x86.ActiveCfg = Debug|Win32
		{368178E1-C0C4-45B0-AAB5-B47FBD4567B5}.Debug|x86.Build.0 = Debug|Win32
		{368178E1-C0C4-45B0-AAB5-B47FBD4567B5}.Release|x64.ActiveCfg = Release|x64
		{368178E1-C0C4-45B0-AAB5-B47FBD4567B5}.Release|x64.Build.0 = Release|x64
		{368178E1-C0C4-45B0-AAB5-B47FBD4567B5}.Release|x86.ActiveCfg = Release|Win32
		{368178E1-C0C4-45B0-AAB5-B47FBD4567B5}.Release|x86.Build.0 = Release|Win32
		{0C7EAEF1-E5C6-4582-9BBD-F07476E2C157}.Debug|x64.ActiveCfg = Debug|x64
		{0C7EAEF1-E5C6-4582-9BBD-F07476E2C157}.Debug|x64.Build.0 = Debug|x64
		{0C7EAEF1-E5C6-4582-9BBD-F07476E2C157}.Debug|x86.ActiveCfg = Debug|Win32
		{0C7EAEF1-E5C6-4582-9BBD-F07476E2C157}.Debug|x86.Build.0 = Debug|Win32
		{0C7EAEF1-E5C6-4582-9BBD-F07476E2C157}.Release|x64.ActiveCfg = Release|x64
		{0C7EAEF1-E5C6-4582-9BBD-F07476E2C157}.Release|x64.Build.0 = Release|x64
		{0C7EAEF1-E5C6-4582-9BBD-F07476E2C157}.Release|x86.ActiveCfg = Release|Win32
		{0C7EAEF1-E5C6-4582-9BBD-F07476E2C157}.Release|x86.Build.0 = Release|Win32
		{2C0E1829-A6ED-4CAA-B249-1493F4BA0A96}.Debug|x64.ActiveCfg = Debug|x64
		{2C0E1829-A6ED-4CAA-B249-1493F4BA0A96}.Debug|x64.Build.0 = Debug|x64
		{2C0E1829-A6ED-4CAA-B249-1493F4BA0A96}.Debug|x86.ActiveCfg = Debug|Win32
		{2C0E1829-A6ED-4CAA-B249-1493F4BA0A96}.Debug|x86.Build.0 = Debug|Win32
		{2C0E1829-A6ED-4CAA-B249-1493F4BA0A96}.Release|x64.ActiveCfg = Release|x64
		{2C0E1829-A6ED-4CAA-B249-1493F4BA0A96}.Release|x64.Build.0 = Release|x64
		{2C0E1829-A6ED-4CAA-B249-1493F4BA0A96}.Release|x86.ActiveCfg = Release|Win32
		{2C0E1829-A6ED-4CAA-B249-1493F4BA0A96}.Release|x86.Build.0 = Release|Win32
		{867F55C3-BCC7-4EFB-B118-635558BD5E35}.Debug|x64.ActiveCfg = Debug|x64
		{867F55C3-BCC7-4EFB-B118-635558BD5E35}.Debug|x64.Build.0 = Debug|x64
		{867F55C3-BCC7-4EFB-B118-635558BD5E35}.Debug|x86.ActiveCfg = Debug|Win32
		{867F55C3-BCC7-4EFB-B118-635558BD5E35}.Debug|x86.Build.0 = Debug|Win32
		{867F55C3-BCC7-4EFB-B118-635558BD5E35}.Release|x64.ActiveCfg = Release|x64
		{867F55C3-BCC7-4EFB-B118-635558BD5E35}.Release|x64.Build.0 = Release|x64
		{867F55C3-BCC7-4EFB-B118-635558BD5E35}.Release|x86.ActiveCfg = Release|Win32
		{867F55C3-BCC7-4EFB-B118-635558BD5E35}.Release|x86.Build.0 = Release|Win32
		{CA2C74D5-CFBC-468C-BA04-E2D4875272E3}.Debug|x64.ActiveCfg = Debug|x64
		{CA2C74D5-CFBC-468C-BA04-E2D4875272E3}.Debug|x64.Build.0 = Debug|x64
		{CA2C74D5-CFBC-468C-BA04-E2D4875272E3}.Debug|x86.ActiveCfg = Debug|Win32
		{CA2C74D5-CFBC-468C-BA04-E2D4875272E3}.Debug|x86.Build.0 = Debug|Win32
		{CA2C74D5-CFBC-468C-BA04-E2D4875272E3}.Release|x64.ActiveCfg = Release|x64
		{CA2C74D5-CFBC-468C-BA04-E2D4875272E3}.Release|x64.Build.0 = Release|x64
		{CA2C74D5-CFBC-468C-BA04-E2D4875272E3}.Release|x86.ActiveCfg = Release|Win32
		{CA2C74D5-CFBC-468C-BA04-E2D4875272E3}.Release|x86.Build.0 = Release|Win32
		{756DE89F-B150-4D56-8F57-E7DDF854E2E1}.Debug|x64.ActiveCfg = Debug|x64
		{756DE89F-B150-4D56-8F57-E7DDF854E2E1}.Debug|x64.Build.0 = Debug|x64
		{756DE89F-B150-4D56-8F57-E7DDF854E2E1}.Debug|x86.ActiveCfg = Debug|Win32
		{756DE89F-B150-4D56-8F57-E7DDF854E2E1}.Debug|x86.Build.0 = Debug|Win32
		{756DE89F-B150-4D56-8F57-E7DDF854E2E1}.Release|x64.ActiveCfg = Release|x64
		{756DE89F-B150-4D56-8F57-E7DDF854E2E1}.Release|x64.Build.0 = Release|x64
		{756DE89F-B150-4D56-8F57-E7DDF854E2E1}.Release|x86.ActiveCfg = Release|Win32
		{756DE89F-B150-4D56-8F57-E7DDF854E2E1}.Release|x86.Build.0 = Release|Win32
		{9A7ECAA1-8CDB-46C4-9DE7-829E5C48E6CA}.Debug|x64.ActiveCfg = Debug|x64
		{9A7ECAA1-8CDB-46C4-9DE7-829E5C48E6CA}.Debug|x64.Build.0 = Debug|x64
		{9A7ECAA1-8CDB-46C4-9DE7-829E5C48E6CA}.Debug|x86.ActiveCfg = Debug|Win32
		{9A7ECAA1-8CDB-46C4-9DE7-829E5C48E6CA}.Debug|x86.Build.0 = Debug|Win32
		{9A7ECAA1-8CDB-46C4-9DE7-829E5C48E6CA}.Release|x64.ActiveCfg = Release|x64
		{9A7ECAA1-8CDB-46C4-9DE7-829E5C48E6CA}.Release|x64.Build.0 = Release|x64
		{9A7ECAA1-8CDB-46C4-9DE7-829E5C48E6CA}.Release|x86.ActiveCfg = Release|Win32
		{9A7ECAA1-8CDB-46C4-9DE7-829E5C48E6CA}.Release|x86.Build.0 = Release|Win32
	EndGlobalSection
	GlobalSection(SolutionProperties) = preSolution
		HideSolutionNode = FALSE
	EndGlobalSection
EndGlobal
